
Microsoft Visual Studio Solution File, Format Version 12.00
Project("{FAE04EC0-301F-11D3-BF4B-00C04F79EFBC}") = "Catalog.API", "Services\Catalog\Catalog.API\Catalog.API.csproj", "{FBD40A47-8926-4EEF-B31B-8E5E2B89CD58}"
EndProject
Project("{FAE04EC0-301F-11D3-BF4B-00C04F79EFBC}") = "Basket.API", "Services\Basket\Basket.API\Basket.API.csproj", "{5B9F2392-EDCB-4049-8842-C540D8D72E5A}"
EndProject
Project("{FAE04EC0-301F-11D3-BF4B-00C04F79EFBC}") = "Discount.Common", "Services\Discount\Discount.Common\Discount.Common.csproj", "{E633C928-423F-462E-ABC7-821A92FD310F}"
EndProject
Project("{2150E333-8FDC-42A3-9474-1A3956D46DE8}") = "Basket", "Basket", "{648A08E5-6ADD-4CBD-8048-59FF77E34929}"
EndProject
Project("{2150E333-8FDC-42A3-9474-1A3956D46DE8}") = "Catalog", "Catalog", "{9EE4B92D-8F02-4A91-A783-550A380275C3}"
EndProject
Project("{2150E333-8FDC-42A3-9474-1A3956D46DE8}") = "Discount", "Discount", "{CC3B61E2-9AE8-4896-88ED-6EA924534B82}"
EndProject
Project("{FAE04EC0-301F-11D3-BF4B-00C04F79EFBC}") = "Discount.API", "Services\Discount\Discount.API\Discount.API.csproj", "{B5E7D74C-059C-46D3-BE9A-F653A2C347C1}"
EndProject
Project("{FAE04EC0-301F-11D3-BF4B-00C04F79EFBC}") = "Discount.GRPC", "Services\Discount\Discount.GRPC\Discount.GRPC.csproj", "{71A62653-50D5-4065-8EE4-0D14E045338D}"
EndProject
Project("{2150E333-8FDC-42A3-9474-1A3956D46DE8}") = "Ordering", "Ordering", "{C0E61409-BA57-48E1-9BC9-F1A86505C917}"
EndProject
Project("{FAE04EC0-301F-11D3-BF4B-00C04F79EFBC}") = "Ordering.Domain", "Services\Ordering\Ordering.Domain\Ordering.Domain.csproj", "{077092FC-E90A-4BCC-8F9C-B6988C1325C2}"
EndProject
Project("{FAE04EC0-301F-11D3-BF4B-00C04F79EFBC}") = "Ordering.Application", "Services\Ordering\Ordering.Application\Ordering.Application.csproj", "{FD4287A7-410E-4C6C-942B-312DEE16BDC7}"
EndProject
Project("{FAE04EC0-301F-11D3-BF4B-00C04F79EFBC}") = "Ordering.API", "Services\Ordering\Ordering.API\Ordering.API.csproj", "{6002BD80-F992-46C9-B147-1D6C3372235C}"
EndProject
Project("{FAE04EC0-301F-11D3-BF4B-00C04F79EFBC}") = "Ordering.Infrastructure", "Services\Ordering\Ordering.Infrastructure\Ordering.Infrastructure.csproj", "{3F0DB8F4-4543-49CE-8A29-FA95EFD883F0}"
EndProject
Project("{2150E333-8FDC-42A3-9474-1A3956D46DE8}") = "Services", "Services", "{102D3109-356D-4FCF-96D9-006C5DF9EDBB}"
EndProject
Project("{2150E333-8FDC-42A3-9474-1A3956D46DE8}") = "Common", "Common", "{4039B757-2BDC-4B8A-A49D-3ECC69DEACB1}"
EndProject
Project("{FAE04EC0-301F-11D3-BF4B-00C04F79EFBC}") = "EventBus.Messages", "Common\EventBus.Messages\EventBus.Messages.csproj", "{89D13A99-EB33-4C4F-87E7-E25B90DB4F52}"
EndProject
Project("{2150E333-8FDC-42A3-9474-1A3956D46DE8}") = "Security", "Security", "{09029325-A74A-451B-88B6-FFD5F275BDA0}"
EndProject
Project("{FAE04EC0-301F-11D3-BF4B-00C04F79EFBC}") = "IdentityServer", "Security\IdentityServer\IdentityServer.csproj", "{85CCD841-5784-402B-8FB5-C2B52BFAE981}"
EndProject
Global
	GlobalSection(SolutionConfigurationPlatforms) = preSolution
		Debug|Any CPU = Debug|Any CPU
		Release|Any CPU = Release|Any CPU
	EndGlobalSection
	GlobalSection(ProjectConfigurationPlatforms) = postSolution
		{FBD40A47-8926-4EEF-B31B-8E5E2B89CD58}.Debug|Any CPU.ActiveCfg = Debug|Any CPU
		{FBD40A47-8926-4EEF-B31B-8E5E2B89CD58}.Debug|Any CPU.Build.0 = Debug|Any CPU
		{FBD40A47-8926-4EEF-B31B-8E5E2B89CD58}.Release|Any CPU.ActiveCfg = Release|Any CPU
		{FBD40A47-8926-4EEF-B31B-8E5E2B89CD58}.Release|Any CPU.Build.0 = Release|Any CPU
		{5B9F2392-EDCB-4049-8842-C540D8D72E5A}.Debug|Any CPU.ActiveCfg = Debug|Any CPU
		{5B9F2392-EDCB-4049-8842-C540D8D72E5A}.Debug|Any CPU.Build.0 = Debug|Any CPU
		{5B9F2392-EDCB-4049-8842-C540D8D72E5A}.Release|Any CPU.ActiveCfg = Release|Any CPU
		{5B9F2392-EDCB-4049-8842-C540D8D72E5A}.Release|Any CPU.Build.0 = Release|Any CPU
		{E633C928-423F-462E-ABC7-821A92FD310F}.Debug|Any CPU.ActiveCfg = Debug|Any CPU
		{E633C928-423F-462E-ABC7-821A92FD310F}.Debug|Any CPU.Build.0 = Debug|Any CPU
		{E633C928-423F-462E-ABC7-821A92FD310F}.Release|Any CPU.ActiveCfg = Release|Any CPU
		{E633C928-423F-462E-ABC7-821A92FD310F}.Release|Any CPU.Build.0 = Release|Any CPU
		{B5E7D74C-059C-46D3-BE9A-F653A2C347C1}.Debug|Any CPU.ActiveCfg = Debug|Any CPU
		{B5E7D74C-059C-46D3-BE9A-F653A2C347C1}.Debug|Any CPU.Build.0 = Debug|Any CPU
		{B5E7D74C-059C-46D3-BE9A-F653A2C347C1}.Release|Any CPU.ActiveCfg = Release|Any CPU
		{B5E7D74C-059C-46D3-BE9A-F653A2C347C1}.Release|Any CPU.Build.0 = Release|Any CPU
		{71A62653-50D5-4065-8EE4-0D14E045338D}.Debug|Any CPU.ActiveCfg = Debug|Any CPU
		{71A62653-50D5-4065-8EE4-0D14E045338D}.Debug|Any CPU.Build.0 = Debug|Any CPU
		{71A62653-50D5-4065-8EE4-0D14E045338D}.Release|Any CPU.ActiveCfg = Release|Any CPU
		{71A62653-50D5-4065-8EE4-0D14E045338D}.Release|Any CPU.Build.0 = Release|Any CPU
		{077092FC-E90A-4BCC-8F9C-B6988C1325C2}.Debug|Any CPU.ActiveCfg = Debug|Any CPU
		{077092FC-E90A-4BCC-8F9C-B6988C1325C2}.Debug|Any CPU.Build.0 = Debug|Any CPU
		{077092FC-E90A-4BCC-8F9C-B6988C1325C2}.Release|Any CPU.ActiveCfg = Release|Any CPU
		{077092FC-E90A-4BCC-8F9C-B6988C1325C2}.Release|Any CPU.Build.0 = Release|Any CPU
		{FD4287A7-410E-4C6C-942B-312DEE16BDC7}.Debug|Any CPU.ActiveCfg = Debug|Any CPU
		{FD4287A7-410E-4C6C-942B-312DEE16BDC7}.Debug|Any CPU.Build.0 = Debug|Any CPU
		{FD4287A7-410E-4C6C-942B-312DEE16BDC7}.Release|Any CPU.ActiveCfg = Release|Any CPU
		{FD4287A7-410E-4C6C-942B-312DEE16BDC7}.Release|Any CPU.Build.0 = Release|Any CPU
		{6002BD80-F992-46C9-B147-1D6C3372235C}.Debug|Any CPU.ActiveCfg = Debug|Any CPU
		{6002BD80-F992-46C9-B147-1D6C3372235C}.Debug|Any CPU.Build.0 = Debug|Any CPU
		{6002BD80-F992-46C9-B147-1D6C3372235C}.Release|Any CPU.ActiveCfg = Release|Any CPU
		{6002BD80-F992-46C9-B147-1D6C3372235C}.Release|Any CPU.Build.0 = Release|Any CPU
		{3F0DB8F4-4543-49CE-8A29-FA95EFD883F0}.Debug|Any CPU.ActiveCfg = Debug|Any CPU
		{3F0DB8F4-4543-49CE-8A29-FA95EFD883F0}.Debug|Any CPU.Build.0 = Debug|Any CPU
		{3F0DB8F4-4543-49CE-8A29-FA95EFD883F0}.Release|Any CPU.ActiveCfg = Release|Any CPU
		{3F0DB8F4-4543-49CE-8A29-FA95EFD883F0}.Release|Any CPU.Build.0 = Release|Any CPU
		{89D13A99-EB33-4C4F-87E7-E25B90DB4F52}.Debug|Any CPU.ActiveCfg = Debug|Any CPU
		{89D13A99-EB33-4C4F-87E7-E25B90DB4F52}.Debug|Any CPU.Build.0 = Debug|Any CPU
		{89D13A99-EB33-4C4F-87E7-E25B90DB4F52}.Release|Any CPU.ActiveCfg = Release|Any CPU
		{89D13A99-EB33-4C4F-87E7-E25B90DB4F52}.Release|Any CPU.Build.0 = Release|Any CPU
		{85CCD841-5784-402B-8FB5-C2B52BFAE981}.Debug|Any CPU.ActiveCfg = Debug|Any CPU
		{85CCD841-5784-402B-8FB5-C2B52BFAE981}.Debug|Any CPU.Build.0 = Debug|Any CPU
		{85CCD841-5784-402B-8FB5-C2B52BFAE981}.Release|Any CPU.ActiveCfg = Release|Any CPU
		{85CCD841-5784-402B-8FB5-C2B52BFAE981}.Release|Any CPU.Build.0 = Release|Any CPU
	EndGlobalSection
	GlobalSection(NestedProjects) = preSolution
		{5B9F2392-EDCB-4049-8842-C540D8D72E5A} = {648A08E5-6ADD-4CBD-8048-59FF77E34929}
		{FBD40A47-8926-4EEF-B31B-8E5E2B89CD58} = {9EE4B92D-8F02-4A91-A783-550A380275C3}
		{E633C928-423F-462E-ABC7-821A92FD310F} = {CC3B61E2-9AE8-4896-88ED-6EA924534B82}
		{B5E7D74C-059C-46D3-BE9A-F653A2C347C1} = {CC3B61E2-9AE8-4896-88ED-6EA924534B82}
		{71A62653-50D5-4065-8EE4-0D14E045338D} = {CC3B61E2-9AE8-4896-88ED-6EA924534B82}
		{077092FC-E90A-4BCC-8F9C-B6988C1325C2} = {C0E61409-BA57-48E1-9BC9-F1A86505C917}
		{FD4287A7-410E-4C6C-942B-312DEE16BDC7} = {C0E61409-BA57-48E1-9BC9-F1A86505C917}
		{6002BD80-F992-46C9-B147-1D6C3372235C} = {C0E61409-BA57-48E1-9BC9-F1A86505C917}
		{3F0DB8F4-4543-49CE-8A29-FA95EFD883F0} = {C0E61409-BA57-48E1-9BC9-F1A86505C917}
		{648A08E5-6ADD-4CBD-8048-59FF77E34929} = {102D3109-356D-4FCF-96D9-006C5DF9EDBB}
		{9EE4B92D-8F02-4A91-A783-550A380275C3} = {102D3109-356D-4FCF-96D9-006C5DF9EDBB}
		{CC3B61E2-9AE8-4896-88ED-6EA924534B82} = {102D3109-356D-4FCF-96D9-006C5DF9EDBB}
		{C0E61409-BA57-48E1-9BC9-F1A86505C917} = {102D3109-356D-4FCF-96D9-006C5DF9EDBB}
		{89D13A99-EB33-4C4F-87E7-E25B90DB4F52} = {4039B757-2BDC-4B8A-A49D-3ECC69DEACB1}
		{85CCD841-5784-402B-8FB5-C2B52BFAE981} = {09029325-A74A-451B-88B6-FFD5F275BDA0}
	EndGlobalSection
EndGlobal
